// !$*UTF8*$!
{
	archiveVersion = 1;
	classes = {
	};
	objectVersion = 46;
	objects = {

/* Begin PBXBuildFile section */
		4106E09F204EDD9000D67228 /* DimmingPresentationController.swift in Sources */ = {isa = PBXBuildFile; fileRef = 4106E09E204EDD9000D67228 /* DimmingPresentationController.swift */; };
		4107B3EA204BB84000602018 /* UIImageView+DownloadImage.swift in Sources */ = {isa = PBXBuildFile; fileRef = 4107B3E9204BB84000602018 /* UIImageView+DownloadImage.swift */; };
		4107B3EC204BC77400602018 /* DetailViewController.swift in Sources */ = {isa = PBXBuildFile; fileRef = 4107B3EB204BC77400602018 /* DetailViewController.swift */; };
		415259C420412C56000B4689 /* SearchResultCell.xib in Resources */ = {isa = PBXBuildFile; fileRef = 415259C320412C56000B4689 /* SearchResultCell.xib */; };
		415259C62041333E000B4689 /* SearchResultCell.swift in Sources */ = {isa = PBXBuildFile; fileRef = 415259C52041333E000B4689 /* SearchResultCell.swift */; };
		415259C820413B31000B4689 /* NothingFoundCell.xib in Resources */ = {isa = PBXBuildFile; fileRef = 415259C720413B31000B4689 /* NothingFoundCell.xib */; };
		415BB4E320540A400080DC5B /* GradientView.swift in Sources */ = {isa = PBXBuildFile; fileRef = 415BB4E220540A400080DC5B /* GradientView.swift */; };
		415BB4E5205416700080DC5B /* BounceAnimationController.swift in Sources */ = {isa = PBXBuildFile; fileRef = 415BB4E4205416700080DC5B /* BounceAnimationController.swift */; };
		415BB4E72054210D0080DC5B /* SlideOutAnimationController.swift in Sources */ = {isa = PBXBuildFile; fileRef = 415BB4E62054210D0080DC5B /* SlideOutAnimationController.swift */; };
		419E684C2047C8CB00BE0A76 /* LoadingCell.xib in Resources */ = {isa = PBXBuildFile; fileRef = 419E684B2047C8CB00BE0A76 /* LoadingCell.xib */; };
		41AA3A71203F8AFD000CB2E6 /* SearchResult.swift in Sources */ = {isa = PBXBuildFile; fileRef = 41AA3A70203F8AFD000CB2E6 /* SearchResult.swift */; };
		41EB19FB203BF4950026D531 /* AppDelegate.swift in Sources */ = {isa = PBXBuildFile; fileRef = 41EB19FA203BF4950026D531 /* AppDelegate.swift */; };
		41EB19FD203BF4950026D531 /* SearchViewController.swift in Sources */ = {isa = PBXBuildFile; fileRef = 41EB19FC203BF4950026D531 /* SearchViewController.swift */; };
		41EB1A00203BF4950026D531 /* Main.storyboard in Resources */ = {isa = PBXBuildFile; fileRef = 41EB19FE203BF4950026D531 /* Main.storyboard */; };
		41EB1A02203BF4950026D531 /* Assets.xcassets in Resources */ = {isa = PBXBuildFile; fileRef = 41EB1A01203BF4950026D531 /* Assets.xcassets */; };
/* End PBXBuildFile section */

/* Begin PBXFileReference section */
		4106E09E204EDD9000D67228 /* DimmingPresentationController.swift */ = {isa = PBXFileReference; fileEncoding = 4; lastKnownFileType = sourcecode.swift; path = DimmingPresentationController.swift; sourceTree = "<group>"; };
		4107B3E9204BB84000602018 /* UIImageView+DownloadImage.swift */ = {isa = PBXFileReference; fileEncoding = 4; lastKnownFileType = sourcecode.swift; path = "UIImageView+DownloadImage.swift"; sourceTree = "<group>"; };
		4107B3EB204BC77400602018 /* DetailViewController.swift */ = {isa = PBXFileReference; fileEncoding = 4; lastKnownFileType = sourcecode.swift; path = DetailViewController.swift; sourceTree = "<group>"; };
		415259C320412C56000B4689 /* SearchResultCell.xib */ = {isa = PBXFileReference; fileEncoding = 4; lastKnownFileType = file.xib; path = SearchResultCell.xib; sourceTree = "<group>"; };
		415259C52041333E000B4689 /* SearchResultCell.swift */ = {isa = PBXFileReference; fileEncoding = 4; lastKnownFileType = sourcecode.swift; path = SearchResultCell.swift; sourceTree = "<group>"; };
		415259C720413B31000B4689 /* NothingFoundCell.xib */ = {isa = PBXFileReference; fileEncoding = 4; lastKnownFileType = file.xib; path = NothingFoundCell.xib; sourceTree = "<group>"; };
		415BB4E220540A400080DC5B /* GradientView.swift */ = {isa = PBXFileReference; fileEncoding = 4; lastKnownFileType = sourcecode.swift; path = GradientView.swift; sourceTree = "<group>"; };
		415BB4E4205416700080DC5B /* BounceAnimationController.swift */ = {isa = PBXFileReference; fileEncoding = 4; lastKnownFileType = sourcecode.swift; path = BounceAnimationController.swift; sourceTree = "<group>"; };
		415BB4E62054210D0080DC5B /* SlideOutAnimationController.swift */ = {isa = PBXFileReference; fileEncoding = 4; lastKnownFileType = sourcecode.swift; path = SlideOutAnimationController.swift; sourceTree = "<group>"; };
		419E684B2047C8CB00BE0A76 /* LoadingCell.xib */ = {isa = PBXFileReference; fileEncoding = 4; lastKnownFileType = file.xib; path = LoadingCell.xib; sourceTree = "<group>"; };
		41AA3A70203F8AFD000CB2E6 /* SearchResult.swift */ = {isa = PBXFileReference; fileEncoding = 4; lastKnownFileType = sourcecode.swift; path = SearchResult.swift; sourceTree = "<group>"; };
		41EB19F7203BF4950026D531 /* StoreSearch.app */ = {isa = PBXFileReference; explicitFileType = wrapper.application; includeInIndex = 0; path = StoreSearch.app; sourceTree = BUILT_PRODUCTS_DIR; };
		41EB19FA203BF4950026D531 /* AppDelegate.swift */ = {isa = PBXFileReference; lastKnownFileType = sourcecode.swift; path = AppDelegate.swift; sourceTree = "<group>"; };
		41EB19FC203BF4950026D531 /* SearchViewController.swift */ = {isa = PBXFileReference; lastKnownFileType = sourcecode.swift; path = SearchViewController.swift; sourceTree = "<group>"; };
		41EB19FF203BF4950026D531 /* Base */ = {isa = PBXFileReference; lastKnownFileType = file.storyboard; name = Base; path = Base.lproj/Main.storyboard; sourceTree = "<group>"; };
		41EB1A01203BF4950026D531 /* Assets.xcassets */ = {isa = PBXFileReference; lastKnownFileType = folder.assetcatalog; path = Assets.xcassets; sourceTree = "<group>"; };
		41EB1A06203BF4950026D531 /* Info.plist */ = {isa = PBXFileReference; lastKnownFileType = text.plist.xml; path = Info.plist; sourceTree = "<group>"; };
/* End PBXFileReference section */

/* Begin PBXFrameworksBuildPhase section */
		41EB19F4203BF4950026D531 /* Frameworks */ = {
			isa = PBXFrameworksBuildPhase;
			buildActionMask = 2147483647;
			files = (
			);
			runOnlyForDeploymentPostprocessing = 0;
		};
/* End PBXFrameworksBuildPhase section */

/* Begin PBXGroup section */
		41EB19EE203BF4950026D531 = {
			isa = PBXGroup;
			children = (
				41EB19F9203BF4950026D531 /* StoreSearch */,
				41EB19F8203BF4950026D531 /* Products */,
			);
			sourceTree = "<group>";
		};
		41EB19F8203BF4950026D531 /* Products */ = {
			isa = PBXGroup;
			children = (
				41EB19F7203BF4950026D531 /* StoreSearch.app */,
			);
			name = Products;
			sourceTree = "<group>";
		};
		41EB19F9203BF4950026D531 /* StoreSearch */ = {
			isa = PBXGroup;
			children = (
				41EB19FA203BF4950026D531 /* AppDelegate.swift */,
				41EB19FC203BF4950026D531 /* SearchViewController.swift */,
				41AA3A70203F8AFD000CB2E6 /* SearchResult.swift */,
				41EB19FE203BF4950026D531 /* Main.storyboard */,
				41EB1A01203BF4950026D531 /* Assets.xcassets */,
				41EB1A06203BF4950026D531 /* Info.plist */,
				415259C320412C56000B4689 /* SearchResultCell.xib */,
				415259C52041333E000B4689 /* SearchResultCell.swift */,
				415259C720413B31000B4689 /* NothingFoundCell.xib */,
				419E684B2047C8CB00BE0A76 /* LoadingCell.xib */,
				4107B3E9204BB84000602018 /* UIImageView+DownloadImage.swift */,
				4107B3EB204BC77400602018 /* DetailViewController.swift */,
				4106E09E204EDD9000D67228 /* DimmingPresentationController.swift */,
				415BB4E220540A400080DC5B /* GradientView.swift */,
				415BB4E4205416700080DC5B /* BounceAnimationController.swift */,
				415BB4E62054210D0080DC5B /* SlideOutAnimationController.swift */,
			);
			path = StoreSearch;
			sourceTree = "<group>";
		};
/* End PBXGroup section */

/* Begin PBXNativeTarget section */
		41EB19F6203BF4950026D531 /* StoreSearch */ = {
			isa = PBXNativeTarget;
			buildConfigurationList = 41EB1A09203BF4950026D531 /* Build configuration list for PBXNativeTarget "StoreSearch" */;
			buildPhases = (
				41EB19F3203BF4950026D531 /* Sources */,
				41EB19F4203BF4950026D531 /* Frameworks */,
				41EB19F5203BF4950026D531 /* Resources */,
			);
			buildRules = (
			);
			dependencies = (
			);
			name = StoreSearch;
			productName = StoreSearch;
			productReference = 41EB19F7203BF4950026D531 /* StoreSearch.app */;
			productType = "com.apple.product-type.application";
		};
/* End PBXNativeTarget section */

/* Begin PBXProject section */
		41EB19EF203BF4950026D531 /* Project object */ = {
			isa = PBXProject;
			attributes = {
				LastSwiftUpdateCheck = 0830;
				LastUpgradeCheck = 0830;
				ORGANIZATIONNAME = mag;
				TargetAttributes = {
					41EB19F6203BF4950026D531 = {
						CreatedOnToolsVersion = 8.3.2;
						DevelopmentTeam = USYCM7BRK3;
						ProvisioningStyle = Automatic;
					};
				};
			};
			buildConfigurationList = 41EB19F2203BF4950026D531 /* Build configuration list for PBXProject "StoreSearch" */;
			compatibilityVersion = "Xcode 3.2";
			developmentRegion = English;
			hasScannedForEncodings = 0;
			knownRegions = (
				en,
				Base,
			);
			mainGroup = 41EB19EE203BF4950026D531;
			productRefGroup = 41EB19F8203BF4950026D531 /* Products */;
			projectDirPath = "";
			projectRoot = "";
			targets = (
				41EB19F6203BF4950026D531 /* StoreSearch */,
			);
		};
/* End PBXProject section */

/* Begin PBXResourcesBuildPhase section */
		41EB19F5203BF4950026D531 /* Resources */ = {
			isa = PBXResourcesBuildPhase;
			buildActionMask = 2147483647;
			files = (
				41EB1A02203BF4950026D531 /* Assets.xcassets in Resources */,
				419E684C2047C8CB00BE0A76 /* LoadingCell.xib in Resources */,
				415259C420412C56000B4689 /* SearchResultCell.xib in Resources */,
				415259C820413B31000B4689 /* NothingFoundCell.xib in Resources */,
				41EB1A00203BF4950026D531 /* Main.storyboard in Resources */,
			);
			runOnlyForDeploymentPostprocessing = 0;
		};
/* End PBXResourcesBuildPhase section */

/* Begin PBXSourcesBuildPhase section */
		41EB19F3203BF4950026D531 /* Sources */ = {
			isa = PBXSourcesBuildPhase;
			buildActionMask = 2147483647;
			files = (
				41EB19FD203BF4950026D531 /* SearchViewController.swift in Sources */,
				4106E09F204EDD9000D67228 /* DimmingPresentationController.swift in Sources */,
				41AA3A71203F8AFD000CB2E6 /* SearchResult.swift in Sources */,
				415259C62041333E000B4689 /* SearchResultCell.swift in Sources */,
				415BB4E5205416700080DC5B /* BounceAnimationController.swift in Sources */,
				4107B3EC204BC77400602018 /* DetailViewController.swift in Sources */,
				41EB19FB203BF4950026D531 /* AppDelegate.swift in Sources */,
				415BB4E320540A400080DC5B /* GradientView.swift in Sources */,
				4107B3EA204BB84000602018 /* UIImageView+DownloadImage.swift in Sources */,
				415BB4E72054210D0080DC5B /* SlideOutAnimationController.swift in Sources */,
			);
			runOnlyForDeploymentPostprocessing = 0;
		};
/* End PBXSourcesBuildPhase section */

/* Begin PBXVariantGroup section */
		41EB19FE203BF4950026D531 /* Main.storyboard */ = {
			isa = PBXVariantGroup;
			children = (
				41EB19FF203BF4950026D531 /* Base */,
			);
			name = Main.storyboard;
			sourceTree = "<group>";
		};
/* End PBXVariantGroup section */

/* Begin XCBuildConfiguration section */
		41EB1A07203BF4950026D531 /* Debug */ = {
			isa = XCBuildConfiguration;
			buildSettings = {
				ALWAYS_SEARCH_USER_PATHS = NO;
				CLANG_ANALYZER_NONNULL = YES;
				CLANG_ANALYZER_NUMBER_OBJECT_CONVERSION = YES_AGGRESSIVE;
				CLANG_CXX_LANGUAGE_STANDARD = "gnu++0x";
				CLANG_CXX_LIBRARY = "libc++";
				CLANG_ENABLE_MODULES = YES;
				CLANG_ENABLE_OBJC_ARC = YES;
				CLANG_WARN_BOOL_CONVERSION = YES;
				CLANG_WARN_CONSTANT_CONVERSION = YES;
				CLANG_WARN_DIRECT_OBJC_ISA_USAGE = YES_ERROR;
				CLANG_WARN_DOCUMENTATION_COMMENTS = YES;
				CLANG_WARN_EMPTY_BODY = YES;
				CLANG_WARN_ENUM_CONVERSION = YES;
				CLANG_WARN_INFINITE_RECURSION = YES;
				CLANG_WARN_INT_CONVERSION = YES;
				CLANG_WARN_OBJC_ROOT_CLASS = YES_ERROR;
				CLANG_WARN_SUSPICIOUS_MOVE = YES;
				CLANG_WARN_UNREACHABLE_CODE = YES;
				CLANG_WARN__DUPLICATE_METHOD_MATCH = YES;
				"CODE_SIGN_IDENTITY[sdk=iphoneos*]" = "iPhone Developer";
				COPY_PHASE_STRIP = NO;
				DEBUG_INFORMATION_FORMAT = dwarf;
				ENABLE_STRICT_OBJC_MSGSEND = YES;
				ENABLE_TESTABILITY = YES;
				GCC_C_LANGUAGE_STANDARD = gnu99;
				GCC_DYNAMIC_NO_PIC = NO;
				GCC_NO_COMMON_BLOCKS = YES;
				GCC_OPTIMIZATION_LEVEL = 0;
				GCC_PREPROCESSOR_DEFINITIONS = (
					"DEBUG=1",
					"$(inherited)",
				);
				GCC_WARN_64_TO_32_BIT_CONVERSION = YES;
				GCC_WARN_ABOUT_RETURN_TYPE = YES_ERROR;
				GCC_WARN_UNDECLARED_SELECTOR = YES;
				GCC_WARN_UNINITIALIZED_AUTOS = YES_AGGRESSIVE;
				GCC_WARN_UNUSED_FUNCTION = YES;
				GCC_WARN_UNUSED_VARIABLE = YES;
				IPHONEOS_DEPLOYMENT_TARGET = 10.3;
				MTL_ENABLE_DEBUG_INFO = YES;
				ONLY_ACTIVE_ARCH = YES;
				SDKROOT = iphoneos;
				SWIFT_ACTIVE_COMPILATION_CONDITIONS = DEBUG;
				SWIFT_OPTIMIZATION_LEVEL = "-Onone";
			};
			name = Debug;
		};
		41EB1A08203BF4950026D531 /* Release */ = {
			isa = XCBuildConfiguration;
			buildSettings = {
				ALWAYS_SEARCH_USER_PATHS = NO;
				CLANG_ANALYZER_NONNULL = YES;
				CLANG_ANALYZER_NUMBER_OBJECT_CONVERSION = YES_AGGRESSIVE;
				CLANG_CXX_LANGUAGE_STANDARD = "gnu++0x";
				CLANG_CXX_LIBRARY = "libc++";
				CLANG_ENABLE_MODULES = YES;
				CLANG_ENABLE_OBJC_ARC = YES;
				CLANG_WARN_BOOL_CONVERSION = YES;
				CLANG_WARN_CONSTANT_CONVERSION = YES;
				CLANG_WARN_DIRECT_OBJC_ISA_USAGE = YES_ERROR;
				CLANG_WARN_DOCUMENTATION_COMMENTS = YES;
				CLANG_WARN_EMPTY_BODY = YES;
				CLANG_WARN_ENUM_CONVERSION = YES;
				CLANG_WARN_INFINITE_RECURSION = YES;
				CLANG_WARN_INT_CONVERSION = YES;
				CLANG_WARN_OBJC_ROOT_CLASS = YES_ERROR;
				CLANG_WARN_SUSPICIOUS_MOVE = YES;
				CLANG_WARN_UNREACHABLE_CODE = YES;
				CLANG_WARN__DUPLICATE_METHOD_MATCH = YES;
				"CODE_SIGN_IDENTITY[sdk=iphoneos*]" = "iPhone Developer";
				COPY_PHASE_STRIP = NO;
				DEBUG_INFORMATION_FORMAT = "dwarf-with-dsym";
				ENABLE_NS_ASSERTIONS = NO;
				ENABLE_STRICT_OBJC_MSGSEND = YES;
				GCC_C_LANGUAGE_STANDARD = gnu99;
				GCC_NO_COMMON_BLOCKS = YES;
				GCC_WARN_64_TO_32_BIT_CONVERSION = YES;
				GCC_WARN_ABOUT_RETURN_TYPE = YES_ERROR;
				GCC_WARN_UNDECLARED_SELECTOR = YES;
				GCC_WARN_UNINITIALIZED_AUTOS = YES_AGGRESSIVE;
				GCC_WARN_UNUSED_FUNCTION = YES;
				GCC_WARN_UNUSED_VARIABLE = YES;
				IPHONEOS_DEPLOYMENT_TARGET = 10.3;
				MTL_ENABLE_DEBUG_INFO = NO;
				SDKROOT = iphoneos;
				SWIFT_OPTIMIZATION_LEVEL = "-Owholemodule";
				VALIDATE_PRODUCT = YES;
			};
			name = Release;
		};
		41EB1A0A203BF4950026D531 /* Debug */ = {
			isa = XCBuildConfiguration;
			buildSettings = {
				ASSETCATALOG_COMPILER_APPICON_NAME = AppIcon;
				DEVELOPMENT_TEAM = USYCM7BRK3;
				INFOPLIST_FILE = StoreSearch/Info.plist;
				LD_RUNPATH_SEARCH_PATHS = "$(inherited) @executable_path/Frameworks";
				PRODUCT_BUNDLE_IDENTIFIER = com.mag.StoreSearch;
				PRODUCT_NAME = "$(TARGET_NAME)";
				SWIFT_VERSION = 3.0;
			};
			name = Debug;
		};
		41EB1A0B203BF4950026D531 /* Release */ = {
			isa = XCBuildConfiguration;
			buildSettings = {
				ASSETCATALOG_COMPILER_APPICON_NAME = AppIcon;
				DEVELOPMENT_TEAM = USYCM7BRK3;
				INFOPLIST_FILE = StoreSearch/Info.plist;
				LD_RUNPATH_SEARCH_PATHS = "$(inherited) @executable_path/Frameworks";
				PRODUCT_BUNDLE_IDENTIFIER = com.mag.StoreSearch;
				PRODUCT_NAME = "$(TARGET_NAME)";
				SWIFT_VERSION = 3.0;
			};
			name = Release;
		};
/* End XCBuildConfiguration section */

/* Begin XCConfigurationList section */
		41EB19F2203BF4950026D531 /* Build configuration list for PBXProject "StoreSearch" */ = {
			isa = XCConfigurationList;
			buildConfigurations = (
				41EB1A07203BF4950026D531 /* Debug */,
				41EB1A08203BF4950026D531 /* Release */,
			);
			defaultConfigurationIsVisible = 0;
			defaultConfigurationName = Release;
		};
		41EB1A09203BF4950026D531 /* Build configuration list for PBXNativeTarget "StoreSearch" */ = {
			isa = XCConfigurationList;
			buildConfigurations = (
				41EB1A0A203BF4950026D531 /* Debug */,
				41EB1A0B203BF4950026D531 /* Release */,
			);
			defaultConfigurationIsVisible = 0;
			defaultConfigurationName = Release;
		};
/* End XCConfigurationList section */
	};
	rootObject = 41EB19EF203BF4950026D531 /* Project object */;
}
